
Microsoft Visual Studio Solution File, Format Version 12.00
# Visual Studio Version 16
VisualStudioVersion = 16.0.31729.503
MinimumVisualStudioVersion = 10.0.40219.1
Project("{FAE04EC0-301F-11D3-BF4B-00C04F79EFBC}") = "ExpressedEngine", "ExpressedEngine.csproj", "{06695976-9094-476D-BB9E-EA7F56518489}"
EndProject
Global
	GlobalSection(SolutionConfigurationPlatforms) = preSolution
		Debug|Any CPU = Debug|Any CPU
		Release|Any CPU = Release|Any CPU
	EndGlobalSection
	GlobalSection(ProjectConfigurationPlatforms) = postSolution
		{06695976-9094-476D-BB9E-EA7F56518489}.Debug|Any CPU.ActiveCfg = Debug|Any CPU
		{06695976-9094-476D-BB9E-EA7F56518489}.Debug|Any CPU.Build.0 = Debug|Any CPU
		{06695976-9094-476D-BB9E-EA7F56518489}.Release|Any CPU.ActiveCfg = Release|Any CPU
		{06695976-9094-476D-BB9E-EA7F56518489}.Release|Any CPU.Build.0 = Release|Any CPU
	EndGlobalSection
	GlobalSection(SolutionProperties) = preSolution
		HideSolutionNode = FALSE
	EndGlobalSection
	GlobalSection(ExtensibilityGlobals) = postSolution
		SolutionGuid = {4EAE5525-8DCC-4C26-8A41-273CF1C285E7}
	EndGlobalSection
EndGlobal
